
Microsoft Visual Studio Solution File, Format Version 12.00
# Visual Studio 15
VisualStudioVersion = 15.0.26430.13
MinimumVisualStudioVersion = 10.0.40219.1
Project("{8BC9CEB8-8B4A-11D0-8D11-00A0C91BC942}") = "hmwk_wk_3", "hmwk_wk_3\hmwk_wk_3.vcxproj", "{651696E6-1EDB-4C80-9979-CFF774BFC382}"
EndProject
Global
	GlobalSection(SolutionConfigurationPlatforms) = preSolution
		Debug|x64 = Debug|x64
		Debug|x86 = Debug|x86
		Release|x64 = Release|x64
		Release|x86 = Release|x86
	EndGlobalSection
	GlobalSection(ProjectConfigurationPlatforms) = postSolution
		{651696E6-1EDB-4C80-9979-CFF774BFC382}.Debug|x64.ActiveCfg = Debug|x64
		{651696E6-1EDB-4C80-9979-CFF774BFC382}.Debug|x64.Build.0 = Debug|x64
		{651696E6-1EDB-4C80-9979-CFF774BFC382}.Debug|x86.ActiveCfg = Debug|Win32
		{651696E6-1EDB-4C80-9979-CFF774BFC382}.Debug|x86.Build.0 = Debug|Win32
		{651696E6-1EDB-4C80-9979-CFF774BFC382}.Release|x64.ActiveCfg = Release|x64
		{651696E6-1EDB-4C80-9979-CFF774BFC382}.Release|x64.Build.0 = Release|x64
		{651696E6-1EDB-4C80-9979-CFF774BFC382}.Release|x86.ActiveCfg = Release|Win32
		{651696E6-1EDB-4C80-9979-CFF774BFC382}.Release|x86.Build.0 = Release|Win32
	EndGlobalSection
	GlobalSection(SolutionProperties) = preSolution
		HideSolutionNode = FALSE
	EndGlobalSection
EndGlobal
